{
  "name": "AwesomeProject",
  "version": "0.1.0",
  "lockfileVersion": 1,
  "requires": true,
  "dependencies": {
    "react-native-maps": {
      "version": "0.17.1",
      "resolved": "https://registry.npmjs.org/react-native-maps/-/react-native-maps-0.17.1.tgz",
      "integrity": "sha1-qyI2NB/ZhNrIhkICrlUzG8Ji9gw="
    }
  }
}
